
Microsoft Visual Studio Solution File, Format Version 11.00
# Visual Basic Express 2010
Project("{F184B08F-C81C-45F6-A57F-5ABD9991F28F}") = "Calculadora 2.0 Renzo Minelli", "Calculadora 2.0 Renzo Minelli\Calculadora 2.0 Renzo Minelli.vbproj", "{302CDB09-FD9C-4988-A31C-5ACFFB5ADDE8}"
EndProject
Global
	GlobalSection(SolutionConfigurationPlatforms) = preSolution
		Debug|x86 = Debug|x86
		Release|x86 = Release|x86
	EndGlobalSection
	GlobalSection(ProjectConfigurationPlatforms) = postSolution
		{302CDB09-FD9C-4988-A31C-5ACFFB5ADDE8}.Debug|x86.ActiveCfg = Debug|x86
		{302CDB09-FD9C-4988-A31C-5ACFFB5ADDE8}.Debug|x86.Build.0 = Debug|x86
		{302CDB09-FD9C-4988-A31C-5ACFFB5ADDE8}.Release|x86.ActiveCfg = Release|x86
		{302CDB09-FD9C-4988-A31C-5ACFFB5ADDE8}.Release|x86.Build.0 = Release|x86
	EndGlobalSection
	GlobalSection(SolutionProperties) = preSolution
		HideSolutionNode = FALSE
	EndGlobalSection
EndGlobal
